
Microsoft Visual Studio Solution File, Format Version 12.00
# Visual Studio Version 17
VisualStudioVersion = 17.1.32210.238
MinimumVisualStudioVersion = 10.0.40219.1
Project("{8BC9CEB8-8B4A-11D0-8D11-00A0C91BC942}") = "opencvtes", "opencvtes\opencvtes.vcxproj", "{EA3ADB3D-18B9-4DBA-9F1B-21CB9423BA14}"
EndProject
Global
	GlobalSection(SolutionConfigurationPlatforms) = preSolution
		Debug|x64 = Debug|x64
		Debug|x86 = Debug|x86
		Release|x64 = Release|x64
		Release|x86 = Release|x86
	EndGlobalSection
	GlobalSection(ProjectConfigurationPlatforms) = postSolution
		{EA3ADB3D-18B9-4DBA-9F1B-21CB9423BA14}.Debug|x64.ActiveCfg = Debug|x64
		{EA3ADB3D-18B9-4DBA-9F1B-21CB9423BA14}.Debug|x64.Build.0 = Debug|x64
		{EA3ADB3D-18B9-4DBA-9F1B-21CB9423BA14}.Debug|x86.ActiveCfg = Debug|Win32
		{EA3ADB3D-18B9-4DBA-9F1B-21CB9423BA14}.Debug|x86.Build.0 = Debug|Win32
		{EA3ADB3D-18B9-4DBA-9F1B-21CB9423BA14}.Release|x64.ActiveCfg = Release|x64
		{EA3ADB3D-18B9-4DBA-9F1B-21CB9423BA14}.Release|x64.Build.0 = Release|x64
		{EA3ADB3D-18B9-4DBA-9F1B-21CB9423BA14}.Release|x86.ActiveCfg = Release|Win32
		{EA3ADB3D-18B9-4DBA-9F1B-21CB9423BA14}.Release|x86.Build.0 = Release|Win32
	EndGlobalSection
	GlobalSection(SolutionProperties) = preSolution
		HideSolutionNode = FALSE
	EndGlobalSection
	GlobalSection(ExtensibilityGlobals) = postSolution
		SolutionGuid = {5857CA02-AA22-460D-8D32-9C00BDB947F6}
	EndGlobalSection
EndGlobal
